// !$*UTF8*$!
{
	archiveVersion = 1;
	classes = {
	};
	objectVersion = 46;
	objects = {

/* Begin PBXBuildFile section */
		EDBB81B01D7C0FC3005CBDA7 /* AppDelegate.swift in Sources */ = {isa = PBXBuildFile; fileRef = EDBB81AF1D7C0FC3005CBDA7 /* AppDelegate.swift */; };
		EDBB81B21D7C0FC3005CBDA7 /* ViewController.swift in Sources */ = {isa = PBXBuildFile; fileRef = EDBB81B11D7C0FC3005CBDA7 /* ViewController.swift */; };
		EDBB81B51D7C0FC3005CBDA7 /* Main.storyboard in Resources */ = {isa = PBXBuildFile; fileRef = EDBB81B31D7C0FC3005CBDA7 /* Main.storyboard */; };
		EDBB81B71D7C0FC3005CBDA7 /* Assets.xcassets in Resources */ = {isa = PBXBuildFile; fileRef = EDBB81B61D7C0FC3005CBDA7 /* Assets.xcassets */; };
		EDBB81BA1D7C0FC3005CBDA7 /* LaunchScreen.storyboard in Resources */ = {isa = PBXBuildFile; fileRef = EDBB81B81D7C0FC3005CBDA7 /* LaunchScreen.storyboard */; };
		EDBB81C21D7C1134005CBDA7 /* CarouselCell.swift in Sources */ = {isa = PBXBuildFile; fileRef = EDBB81C11D7C1134005CBDA7 /* CarouselCell.swift */; };
		EDBB81C41D7C18AE005CBDA7 /* Interest.swift in Sources */ = {isa = PBXBuildFile; fileRef = EDBB81C31D7C18AE005CBDA7 /* Interest.swift */; };
/* End PBXBuildFile section */

/* Begin PBXFileReference section */
		EDBB81AC1D7C0FC3005CBDA7 /* CarouselEffect.app */ = {isa = PBXFileReference; explicitFileType = wrapper.application; includeInIndex = 0; path = CarouselEffect.app; sourceTree = BUILT_PRODUCTS_DIR; };
		EDBB81AF1D7C0FC3005CBDA7 /* AppDelegate.swift */ = {isa = PBXFileReference; lastKnownFileType = sourcecode.swift; path = AppDelegate.swift; sourceTree = "<group>"; };
		EDBB81B11D7C0FC3005CBDA7 /* ViewController.swift */ = {isa = PBXFileReference; lastKnownFileType = sourcecode.swift; path = ViewController.swift; sourceTree = "<group>"; };
		EDBB81B41D7C0FC3005CBDA7 /* Base */ = {isa = PBXFileReference; lastKnownFileType = file.storyboard; name = Base; path = Base.lproj/Main.storyboard; sourceTree = "<group>"; };
		EDBB81B61D7C0FC3005CBDA7 /* Assets.xcassets */ = {isa = PBXFileReference; lastKnownFileType = folder.assetcatalog; path = Assets.xcassets; sourceTree = "<group>"; };
		EDBB81B91D7C0FC3005CBDA7 /* Base */ = {isa = PBXFileReference; lastKnownFileType = file.storyboard; name = Base; path = Base.lproj/LaunchScreen.storyboard; sourceTree = "<group>"; };
		EDBB81BB1D7C0FC3005CBDA7 /* Info.plist */ = {isa = PBXFileReference; lastKnownFileType = text.plist.xml; path = Info.plist; sourceTree = "<group>"; };
		EDBB81C11D7C1134005CBDA7 /* CarouselCell.swift */ = {isa = PBXFileReference; fileEncoding = 4; lastKnownFileType = sourcecode.swift; path = CarouselCell.swift; sourceTree = "<group>"; };
		EDBB81C31D7C18AE005CBDA7 /* Interest.swift */ = {isa = PBXFileReference; fileEncoding = 4; lastKnownFileType = sourcecode.swift; path = Interest.swift; sourceTree = "<group>"; };
/* End PBXFileReference section */

/* Begin PBXFrameworksBuildPhase section */
		EDBB81A91D7C0FC3005CBDA7 /* Frameworks */ = {
			isa = PBXFrameworksBuildPhase;
			buildActionMask = 2147483647;
			files = (
			);
			runOnlyForDeploymentPostprocessing = 0;
		};
/* End PBXFrameworksBuildPhase section */

/* Begin PBXGroup section */
		EDBB81A31D7C0FC3005CBDA7 = {
			isa = PBXGroup;
			children = (
				EDBB81AE1D7C0FC3005CBDA7 /* CarouselEffect */,
				EDBB81AD1D7C0FC3005CBDA7 /* Products */,
			);
			sourceTree = "<group>";
		};
		EDBB81AD1D7C0FC3005CBDA7 /* Products */ = {
			isa = PBXGroup;
			children = (
				EDBB81AC1D7C0FC3005CBDA7 /* CarouselEffect.app */,
			);
			name = Products;
			sourceTree = "<group>";
		};
		EDBB81AE1D7C0FC3005CBDA7 /* CarouselEffect */ = {
			isa = PBXGroup;
			children = (
				EDBB81AF1D7C0FC3005CBDA7 /* AppDelegate.swift */,
				EDBB81B11D7C0FC3005CBDA7 /* ViewController.swift */,
				EDBB81C11D7C1134005CBDA7 /* CarouselCell.swift */,
				EDBB81C31D7C18AE005CBDA7 /* Interest.swift */,
				EDBB81B31D7C0FC3005CBDA7 /* Main.storyboard */,
				EDBB81B61D7C0FC3005CBDA7 /* Assets.xcassets */,
				EDBB81B81D7C0FC3005CBDA7 /* LaunchScreen.storyboard */,
				EDBB81BB1D7C0FC3005CBDA7 /* Info.plist */,
			);
			path = CarouselEffect;
			sourceTree = "<group>";
		};
/* End PBXGroup section */

/* Begin PBXNativeTarget section */
		EDBB81AB1D7C0FC3005CBDA7 /* CarouselEffect */ = {
			isa = PBXNativeTarget;
			buildConfigurationList = EDBB81BE1D7C0FC3005CBDA7 /* Build configuration list for PBXNativeTarget "CarouselEffect" */;
			buildPhases = (
				EDBB81A81D7C0FC3005CBDA7 /* Sources */,
				EDBB81A91D7C0FC3005CBDA7 /* Frameworks */,
				EDBB81AA1D7C0FC3005CBDA7 /* Resources */,
			);
			buildRules = (
			);
			dependencies = (
			);
			name = CarouselEffect;
			productName = CarouselEffect;
			productReference = EDBB81AC1D7C0FC3005CBDA7 /* CarouselEffect.app */;
			productType = "com.apple.product-type.application";
		};
/* End PBXNativeTarget section */

/* Begin PBXProject section */
		EDBB81A41D7C0FC3005CBDA7 /* Project object */ = {
			isa = PBXProject;
			attributes = {
				LastSwiftUpdateCheck = 0730;
				LastUpgradeCheck = 0730;
				ORGANIZATIONNAME = henry4app;
				TargetAttributes = {
					EDBB81AB1D7C0FC3005CBDA7 = {
						CreatedOnToolsVersion = 7.3.1;
					};
				};
			};
			buildConfigurationList = EDBB81A71D7C0FC3005CBDA7 /* Build configuration list for PBXProject "CarouselEffect" */;
			compatibilityVersion = "Xcode 3.2";
			developmentRegion = English;
			hasScannedForEncodings = 0;
			knownRegions = (
				en,
				Base,
			);
			mainGroup = EDBB81A31D7C0FC3005CBDA7;
			productRefGroup = EDBB81AD1D7C0FC3005CBDA7 /* Products */;
			projectDirPath = "";
			projectRoot = "";
			targets = (
				EDBB81AB1D7C0FC3005CBDA7 /* CarouselEffect */,
			);
		};
/* End PBXProject section */

/* Begin PBXResourcesBuildPhase section */
		EDBB81AA1D7C0FC3005CBDA7 /* Resources */ = {
			isa = PBXResourcesBuildPhase;
			buildActionMask = 2147483647;
			files = (
				EDBB81BA1D7C0FC3005CBDA7 /* LaunchScreen.storyboard in Resources */,
				EDBB81B71D7C0FC3005CBDA7 /* Assets.xcassets in Resources */,
				EDBB81B51D7C0FC3005CBDA7 /* Main.storyboard in Resources */,
			);
			runOnlyForDeploymentPostprocessing = 0;
		};
/* End PBXResourcesBuildPhase section */

/* Begin PBXSourcesBuildPhase section */
		EDBB81A81D7C0FC3005CBDA7 /* Sources */ = {
			isa = PBXSourcesBuildPhase;
			buildActionMask = 2147483647;
			files = (
				EDBB81C21D7C1134005CBDA7 /* CarouselCell.swift in Sources */,
				EDBB81B21D7C0FC3005CBDA7 /* ViewController.swift in Sources */,
				EDBB81B01D7C0FC3005CBDA7 /* AppDelegate.swift in Sources */,
				EDBB81C41D7C18AE005CBDA7 /* Interest.swift in Sources */,
			);
			runOnlyForDeploymentPostprocessing = 0;
		};
/* End PBXSourcesBuildPhase section */

/* Begin PBXVariantGroup section */
		EDBB81B31D7C0FC3005CBDA7 /* Main.storyboard */ = {
			isa = PBXVariantGroup;
			children = (
				EDBB81B41D7C0FC3005CBDA7 /* Base */,
			);
			name = Main.storyboard;
			sourceTree = "<group>";
		};
		EDBB81B81D7C0FC3005CBDA7 /* LaunchScreen.storyboard */ = {
			isa = PBXVariantGroup;
			children = (
				EDBB81B91D7C0FC3005CBDA7 /* Base */,
			);
			name = LaunchScreen.storyboard;
			sourceTree = "<group>";
		};
/* End PBXVariantGroup section */

/* Begin XCBuildConfiguration section */
		EDBB81BC1D7C0FC3005CBDA7 /* Debug */ = {
			isa = XCBuildConfiguration;
			buildSettings = {
				ALWAYS_SEARCH_USER_PATHS = NO;
				CLANG_ANALYZER_NONNULL = YES;
				CLANG_CXX_LANGUAGE_STANDARD = "gnu++0x";
				CLANG_CXX_LIBRARY = "libc++";
				CLANG_ENABLE_MODULES = YES;
				CLANG_ENABLE_OBJC_ARC = YES;
				CLANG_WARN_BOOL_CONVERSION = YES;
				CLANG_WARN_CONSTANT_CONVERSION = YES;
				CLANG_WARN_DIRECT_OBJC_ISA_USAGE = YES_ERROR;
				CLANG_WARN_EMPTY_BODY = YES;
				CLANG_WARN_ENUM_CONVERSION = YES;
				CLANG_WARN_INT_CONVERSION = YES;
				CLANG_WARN_OBJC_ROOT_CLASS = YES_ERROR;
				CLANG_WARN_UNREACHABLE_CODE = YES;
				CLANG_WARN__DUPLICATE_METHOD_MATCH = YES;
				"CODE_SIGN_IDENTITY[sdk=iphoneos*]" = "iPhone Developer";
				COPY_PHASE_STRIP = NO;
				DEBUG_INFORMATION_FORMAT = dwarf;
				ENABLE_STRICT_OBJC_MSGSEND = YES;
				ENABLE_TESTABILITY = YES;
				GCC_C_LANGUAGE_STANDARD = gnu99;
				GCC_DYNAMIC_NO_PIC = NO;
				GCC_NO_COMMON_BLOCKS = YES;
				GCC_OPTIMIZATION_LEVEL = 0;
				GCC_PREPROCESSOR_DEFINITIONS = (
					"DEBUG=1",
					"$(inherited)",
				);
				GCC_WARN_64_TO_32_BIT_CONVERSION = YES;
				GCC_WARN_ABOUT_RETURN_TYPE = YES_ERROR;
				GCC_WARN_UNDECLARED_SELECTOR = YES;
				GCC_WARN_UNINITIALIZED_AUTOS = YES_AGGRESSIVE;
				GCC_WARN_UNUSED_FUNCTION = YES;
				GCC_WARN_UNUSED_VARIABLE = YES;
				IPHONEOS_DEPLOYMENT_TARGET = 9.3;
				MTL_ENABLE_DEBUG_INFO = YES;
				ONLY_ACTIVE_ARCH = YES;
				SDKROOT = iphoneos;
				SWIFT_OPTIMIZATION_LEVEL = "-Onone";
			};
			name = Debug;
		};
		EDBB81BD1D7C0FC3005CBDA7 /* Release */ = {
			isa = XCBuildConfiguration;
			buildSettings = {
				ALWAYS_SEARCH_USER_PATHS = NO;
				CLANG_ANALYZER_NONNULL = YES;
				CLANG_CXX_LANGUAGE_STANDARD = "gnu++0x";
				CLANG_CXX_LIBRARY = "libc++";
				CLANG_ENABLE_MODULES = YES;
				CLANG_ENABLE_OBJC_ARC = YES;
				CLANG_WARN_BOOL_CONVERSION = YES;
				CLANG_WARN_CONSTANT_CONVERSION = YES;
				CLANG_WARN_DIRECT_OBJC_ISA_USAGE = YES_ERROR;
				CLANG_WARN_EMPTY_BODY = YES;
				CLANG_WARN_ENUM_CONVERSION = YES;
				CLANG_WARN_INT_CONVERSION = YES;
				CLANG_WARN_OBJC_ROOT_CLASS = YES_ERROR;
				CLANG_WARN_UNREACHABLE_CODE = YES;
				CLANG_WARN__DUPLICATE_METHOD_MATCH = YES;
				"CODE_SIGN_IDENTITY[sdk=iphoneos*]" = "iPhone Developer";
				COPY_PHASE_STRIP = NO;
				DEBUG_INFORMATION_FORMAT = "dwarf-with-dsym";
				ENABLE_NS_ASSERTIONS = NO;
				ENABLE_STRICT_OBJC_MSGSEND = YES;
				GCC_C_LANGUAGE_STANDARD = gnu99;
				GCC_NO_COMMON_BLOCKS = YES;
				GCC_WARN_64_TO_32_BIT_CONVERSION = YES;
				GCC_WARN_ABOUT_RETURN_TYPE = YES_ERROR;
				GCC_WARN_UNDECLARED_SELECTOR = YES;
				GCC_WARN_UNINITIALIZED_AUTOS = YES_AGGRESSIVE;
				GCC_WARN_UNUSED_FUNCTION = YES;
				GCC_WARN_UNUSED_VARIABLE = YES;
				IPHONEOS_DEPLOYMENT_TARGET = 9.3;
				MTL_ENABLE_DEBUG_INFO = NO;
				SDKROOT = iphoneos;
				VALIDATE_PRODUCT = YES;
			};
			name = Release;
		};
		EDBB81BF1D7C0FC3005CBDA7 /* Debug */ = {
			isa = XCBuildConfiguration;
			buildSettings = {
				ASSETCATALOG_COMPILER_APPICON_NAME = AppIcon;
				INFOPLIST_FILE = CarouselEffect/Info.plist;
				LD_RUNPATH_SEARCH_PATHS = "$(inherited) @executable_path/Frameworks";
				PRODUCT_BUNDLE_IDENTIFIER = cn.henry4app.CarouselEffect;
				PRODUCT_NAME = "$(TARGET_NAME)";
			};
			name = Debug;
		};
		EDBB81C01D7C0FC3005CBDA7 /* Release */ = {
			isa = XCBuildConfiguration;
			buildSettings = {
				ASSETCATALOG_COMPILER_APPICON_NAME = AppIcon;
				INFOPLIST_FILE = CarouselEffect/Info.plist;
				LD_RUNPATH_SEARCH_PATHS = "$(inherited) @executable_path/Frameworks";
				PRODUCT_BUNDLE_IDENTIFIER = cn.henry4app.CarouselEffect;
				PRODUCT_NAME = "$(TARGET_NAME)";
			};
			name = Release;
		};
/* End XCBuildConfiguration section */

/* Begin XCConfigurationList section */
		EDBB81A71D7C0FC3005CBDA7 /* Build configuration list for PBXProject "CarouselEffect" */ = {
			isa = XCConfigurationList;
			buildConfigurations = (
				EDBB81BC1D7C0FC3005CBDA7 /* Debug */,
				EDBB81BD1D7C0FC3005CBDA7 /* Release */,
			);
			defaultConfigurationIsVisible = 0;
			defaultConfigurationName = Release;
		};
		EDBB81BE1D7C0FC3005CBDA7 /* Build configuration list for PBXNativeTarget "CarouselEffect" */ = {
			isa = XCConfigurationList;
			buildConfigurations = (
				EDBB81BF1D7C0FC3005CBDA7 /* Debug */,
				EDBB81C01D7C0FC3005CBDA7 /* Release */,
			);
			defaultConfigurationIsVisible = 0;
			defaultConfigurationName = Release;
		};
/* End XCConfigurationList section */
	};
	rootObject = EDBB81A41D7C0FC3005CBDA7 /* Project object */;
}
