// !$*UTF8*$!
{
	archiveVersion = 1;
	classes = {
	};
	objectVersion = 46;
	objects = {

/* Begin PBXBuildFile section */
		EDBB818D1D7BF43F005CBDA7 /* AppDelegate.swift in Sources */ = {isa = PBXBuildFile; fileRef = EDBB818C1D7BF43F005CBDA7 /* AppDelegate.swift */; };
		EDBB818F1D7BF43F005CBDA7 /* ViewController.swift in Sources */ = {isa = PBXBuildFile; fileRef = EDBB818E1D7BF43F005CBDA7 /* ViewController.swift */; };
		EDBB81921D7BF43F005CBDA7 /* Main.storyboard in Resources */ = {isa = PBXBuildFile; fileRef = EDBB81901D7BF43F005CBDA7 /* Main.storyboard */; };
		EDBB81941D7BF43F005CBDA7 /* Assets.xcassets in Resources */ = {isa = PBXBuildFile; fileRef = EDBB81931D7BF43F005CBDA7 /* Assets.xcassets */; };
		EDBB81971D7BF43F005CBDA7 /* LaunchScreen.storyboard in Resources */ = {isa = PBXBuildFile; fileRef = EDBB81951D7BF43F005CBDA7 /* LaunchScreen.storyboard */; };
		EDBB81A01D7BF511005CBDA7 /* emoji zone.mp4 in Resources */ = {isa = PBXBuildFile; fileRef = EDBB819F1D7BF511005CBDA7 /* emoji zone.mp4 */; };
		EDBB81A21D7BF52D005CBDA7 /* VideoCell.swift in Sources */ = {isa = PBXBuildFile; fileRef = EDBB81A11D7BF52D005CBDA7 /* VideoCell.swift */; };
/* End PBXBuildFile section */

/* Begin PBXFileReference section */
		EDBB81891D7BF43F005CBDA7 /* 03-LocalVideo.app */ = {isa = PBXFileReference; explicitFileType = wrapper.application; includeInIndex = 0; path = "03-LocalVideo.app"; sourceTree = BUILT_PRODUCTS_DIR; };
		EDBB818C1D7BF43F005CBDA7 /* AppDelegate.swift */ = {isa = PBXFileReference; lastKnownFileType = sourcecode.swift; path = AppDelegate.swift; sourceTree = "<group>"; };
		EDBB818E1D7BF43F005CBDA7 /* ViewController.swift */ = {isa = PBXFileReference; lastKnownFileType = sourcecode.swift; path = ViewController.swift; sourceTree = "<group>"; };
		EDBB81911D7BF43F005CBDA7 /* Base */ = {isa = PBXFileReference; lastKnownFileType = file.storyboard; name = Base; path = Base.lproj/Main.storyboard; sourceTree = "<group>"; };
		EDBB81931D7BF43F005CBDA7 /* Assets.xcassets */ = {isa = PBXFileReference; lastKnownFileType = folder.assetcatalog; path = Assets.xcassets; sourceTree = "<group>"; };
		EDBB81961D7BF43F005CBDA7 /* Base */ = {isa = PBXFileReference; lastKnownFileType = file.storyboard; name = Base; path = Base.lproj/LaunchScreen.storyboard; sourceTree = "<group>"; };
		EDBB81981D7BF43F005CBDA7 /* Info.plist */ = {isa = PBXFileReference; lastKnownFileType = text.plist.xml; path = Info.plist; sourceTree = "<group>"; };
		EDBB819F1D7BF511005CBDA7 /* emoji zone.mp4 */ = {isa = PBXFileReference; lastKnownFileType = file; path = "emoji zone.mp4"; sourceTree = "<group>"; };
		EDBB81A11D7BF52D005CBDA7 /* VideoCell.swift */ = {isa = PBXFileReference; fileEncoding = 4; lastKnownFileType = sourcecode.swift; path = VideoCell.swift; sourceTree = "<group>"; };
/* End PBXFileReference section */

/* Begin PBXFrameworksBuildPhase section */
		EDBB81861D7BF43F005CBDA7 /* Frameworks */ = {
			isa = PBXFrameworksBuildPhase;
			buildActionMask = 2147483647;
			files = (
			);
			runOnlyForDeploymentPostprocessing = 0;
		};
/* End PBXFrameworksBuildPhase section */

/* Begin PBXGroup section */
		EDBB81801D7BF43F005CBDA7 = {
			isa = PBXGroup;
			children = (
				EDBB818B1D7BF43F005CBDA7 /* 03-LocalVideo */,
				EDBB818A1D7BF43F005CBDA7 /* Products */,
			);
			sourceTree = "<group>";
		};
		EDBB818A1D7BF43F005CBDA7 /* Products */ = {
			isa = PBXGroup;
			children = (
				EDBB81891D7BF43F005CBDA7 /* 03-LocalVideo.app */,
			);
			name = Products;
			sourceTree = "<group>";
		};
		EDBB818B1D7BF43F005CBDA7 /* 03-LocalVideo */ = {
			isa = PBXGroup;
			children = (
				EDBB818C1D7BF43F005CBDA7 /* AppDelegate.swift */,
				EDBB818E1D7BF43F005CBDA7 /* ViewController.swift */,
				EDBB81A11D7BF52D005CBDA7 /* VideoCell.swift */,
				EDBB81901D7BF43F005CBDA7 /* Main.storyboard */,
				EDBB81931D7BF43F005CBDA7 /* Assets.xcassets */,
				EDBB819E1D7BF505005CBDA7 /* Resource */,
				EDBB81951D7BF43F005CBDA7 /* LaunchScreen.storyboard */,
				EDBB81981D7BF43F005CBDA7 /* Info.plist */,
			);
			path = "03-LocalVideo";
			sourceTree = "<group>";
		};
		EDBB819E1D7BF505005CBDA7 /* Resource */ = {
			isa = PBXGroup;
			children = (
				EDBB819F1D7BF511005CBDA7 /* emoji zone.mp4 */,
			);
			name = Resource;
			sourceTree = "<group>";
		};
/* End PBXGroup section */

/* Begin PBXNativeTarget section */
		EDBB81881D7BF43F005CBDA7 /* 03-LocalVideo */ = {
			isa = PBXNativeTarget;
			buildConfigurationList = EDBB819B1D7BF43F005CBDA7 /* Build configuration list for PBXNativeTarget "03-LocalVideo" */;
			buildPhases = (
				EDBB81851D7BF43F005CBDA7 /* Sources */,
				EDBB81861D7BF43F005CBDA7 /* Frameworks */,
				EDBB81871D7BF43F005CBDA7 /* Resources */,
			);
			buildRules = (
			);
			dependencies = (
			);
			name = "03-LocalVideo";
			productName = "03-LocalVideo";
			productReference = EDBB81891D7BF43F005CBDA7 /* 03-LocalVideo.app */;
			productType = "com.apple.product-type.application";
		};
/* End PBXNativeTarget section */

/* Begin PBXProject section */
		EDBB81811D7BF43F005CBDA7 /* Project object */ = {
			isa = PBXProject;
			attributes = {
				LastSwiftUpdateCheck = 0730;
				LastUpgradeCheck = 0730;
				ORGANIZATIONNAME = henry4app;
				TargetAttributes = {
					EDBB81881D7BF43F005CBDA7 = {
						CreatedOnToolsVersion = 7.3.1;
					};
				};
			};
			buildConfigurationList = EDBB81841D7BF43F005CBDA7 /* Build configuration list for PBXProject "03-LocalVideo" */;
			compatibilityVersion = "Xcode 3.2";
			developmentRegion = English;
			hasScannedForEncodings = 0;
			knownRegions = (
				en,
				Base,
			);
			mainGroup = EDBB81801D7BF43F005CBDA7;
			productRefGroup = EDBB818A1D7BF43F005CBDA7 /* Products */;
			projectDirPath = "";
			projectRoot = "";
			targets = (
				EDBB81881D7BF43F005CBDA7 /* 03-LocalVideo */,
			);
		};
/* End PBXProject section */

/* Begin PBXResourcesBuildPhase section */
		EDBB81871D7BF43F005CBDA7 /* Resources */ = {
			isa = PBXResourcesBuildPhase;
			buildActionMask = 2147483647;
			files = (
				EDBB81971D7BF43F005CBDA7 /* LaunchScreen.storyboard in Resources */,
				EDBB81A01D7BF511005CBDA7 /* emoji zone.mp4 in Resources */,
				EDBB81941D7BF43F005CBDA7 /* Assets.xcassets in Resources */,
				EDBB81921D7BF43F005CBDA7 /* Main.storyboard in Resources */,
			);
			runOnlyForDeploymentPostprocessing = 0;
		};
/* End PBXResourcesBuildPhase section */

/* Begin PBXSourcesBuildPhase section */
		EDBB81851D7BF43F005CBDA7 /* Sources */ = {
			isa = PBXSourcesBuildPhase;
			buildActionMask = 2147483647;
			files = (
				EDBB818F1D7BF43F005CBDA7 /* ViewController.swift in Sources */,
				EDBB818D1D7BF43F005CBDA7 /* AppDelegate.swift in Sources */,
				EDBB81A21D7BF52D005CBDA7 /* VideoCell.swift in Sources */,
			);
			runOnlyForDeploymentPostprocessing = 0;
		};
/* End PBXSourcesBuildPhase section */

/* Begin PBXVariantGroup section */
		EDBB81901D7BF43F005CBDA7 /* Main.storyboard */ = {
			isa = PBXVariantGroup;
			children = (
				EDBB81911D7BF43F005CBDA7 /* Base */,
			);
			name = Main.storyboard;
			sourceTree = "<group>";
		};
		EDBB81951D7BF43F005CBDA7 /* LaunchScreen.storyboard */ = {
			isa = PBXVariantGroup;
			children = (
				EDBB81961D7BF43F005CBDA7 /* Base */,
			);
			name = LaunchScreen.storyboard;
			sourceTree = "<group>";
		};
/* End PBXVariantGroup section */

/* Begin XCBuildConfiguration section */
		EDBB81991D7BF43F005CBDA7 /* Debug */ = {
			isa = XCBuildConfiguration;
			buildSettings = {
				ALWAYS_SEARCH_USER_PATHS = NO;
				CLANG_ANALYZER_NONNULL = YES;
				CLANG_CXX_LANGUAGE_STANDARD = "gnu++0x";
				CLANG_CXX_LIBRARY = "libc++";
				CLANG_ENABLE_MODULES = YES;
				CLANG_ENABLE_OBJC_ARC = YES;
				CLANG_WARN_BOOL_CONVERSION = YES;
				CLANG_WARN_CONSTANT_CONVERSION = YES;
				CLANG_WARN_DIRECT_OBJC_ISA_USAGE = YES_ERROR;
				CLANG_WARN_EMPTY_BODY = YES;
				CLANG_WARN_ENUM_CONVERSION = YES;
				CLANG_WARN_INT_CONVERSION = YES;
				CLANG_WARN_OBJC_ROOT_CLASS = YES_ERROR;
				CLANG_WARN_UNREACHABLE_CODE = YES;
				CLANG_WARN__DUPLICATE_METHOD_MATCH = YES;
				"CODE_SIGN_IDENTITY[sdk=iphoneos*]" = "iPhone Developer";
				COPY_PHASE_STRIP = NO;
				DEBUG_INFORMATION_FORMAT = dwarf;
				ENABLE_STRICT_OBJC_MSGSEND = YES;
				ENABLE_TESTABILITY = YES;
				GCC_C_LANGUAGE_STANDARD = gnu99;
				GCC_DYNAMIC_NO_PIC = NO;
				GCC_NO_COMMON_BLOCKS = YES;
				GCC_OPTIMIZATION_LEVEL = 0;
				GCC_PREPROCESSOR_DEFINITIONS = (
					"DEBUG=1",
					"$(inherited)",
				);
				GCC_WARN_64_TO_32_BIT_CONVERSION = YES;
				GCC_WARN_ABOUT_RETURN_TYPE = YES_ERROR;
				GCC_WARN_UNDECLARED_SELECTOR = YES;
				GCC_WARN_UNINITIALIZED_AUTOS = YES_AGGRESSIVE;
				GCC_WARN_UNUSED_FUNCTION = YES;
				GCC_WARN_UNUSED_VARIABLE = YES;
				IPHONEOS_DEPLOYMENT_TARGET = 9.3;
				MTL_ENABLE_DEBUG_INFO = YES;
				ONLY_ACTIVE_ARCH = YES;
				SDKROOT = iphoneos;
				SWIFT_OPTIMIZATION_LEVEL = "-Onone";
			};
			name = Debug;
		};
		EDBB819A1D7BF43F005CBDA7 /* Release */ = {
			isa = XCBuildConfiguration;
			buildSettings = {
				ALWAYS_SEARCH_USER_PATHS = NO;
				CLANG_ANALYZER_NONNULL = YES;
				CLANG_CXX_LANGUAGE_STANDARD = "gnu++0x";
				CLANG_CXX_LIBRARY = "libc++";
				CLANG_ENABLE_MODULES = YES;
				CLANG_ENABLE_OBJC_ARC = YES;
				CLANG_WARN_BOOL_CONVERSION = YES;
				CLANG_WARN_CONSTANT_CONVERSION = YES;
				CLANG_WARN_DIRECT_OBJC_ISA_USAGE = YES_ERROR;
				CLANG_WARN_EMPTY_BODY = YES;
				CLANG_WARN_ENUM_CONVERSION = YES;
				CLANG_WARN_INT_CONVERSION = YES;
				CLANG_WARN_OBJC_ROOT_CLASS = YES_ERROR;
				CLANG_WARN_UNREACHABLE_CODE = YES;
				CLANG_WARN__DUPLICATE_METHOD_MATCH = YES;
				"CODE_SIGN_IDENTITY[sdk=iphoneos*]" = "iPhone Developer";
				COPY_PHASE_STRIP = NO;
				DEBUG_INFORMATION_FORMAT = "dwarf-with-dsym";
				ENABLE_NS_ASSERTIONS = NO;
				ENABLE_STRICT_OBJC_MSGSEND = YES;
				GCC_C_LANGUAGE_STANDARD = gnu99;
				GCC_NO_COMMON_BLOCKS = YES;
				GCC_WARN_64_TO_32_BIT_CONVERSION = YES;
				GCC_WARN_ABOUT_RETURN_TYPE = YES_ERROR;
				GCC_WARN_UNDECLARED_SELECTOR = YES;
				GCC_WARN_UNINITIALIZED_AUTOS = YES_AGGRESSIVE;
				GCC_WARN_UNUSED_FUNCTION = YES;
				GCC_WARN_UNUSED_VARIABLE = YES;
				IPHONEOS_DEPLOYMENT_TARGET = 9.3;
				MTL_ENABLE_DEBUG_INFO = NO;
				SDKROOT = iphoneos;
				VALIDATE_PRODUCT = YES;
			};
			name = Release;
		};
		EDBB819C1D7BF43F005CBDA7 /* Debug */ = {
			isa = XCBuildConfiguration;
			buildSettings = {
				ASSETCATALOG_COMPILER_APPICON_NAME = AppIcon;
				INFOPLIST_FILE = "03-LocalVideo/Info.plist";
				LD_RUNPATH_SEARCH_PATHS = "$(inherited) @executable_path/Frameworks";
				PRODUCT_BUNDLE_IDENTIFIER = "cn.henry4app.-3-LocalVideo";
				PRODUCT_NAME = "$(TARGET_NAME)";
			};
			name = Debug;
		};
		EDBB819D1D7BF43F005CBDA7 /* Release */ = {
			isa = XCBuildConfiguration;
			buildSettings = {
				ASSETCATALOG_COMPILER_APPICON_NAME = AppIcon;
				INFOPLIST_FILE = "03-LocalVideo/Info.plist";
				LD_RUNPATH_SEARCH_PATHS = "$(inherited) @executable_path/Frameworks";
				PRODUCT_BUNDLE_IDENTIFIER = "cn.henry4app.-3-LocalVideo";
				PRODUCT_NAME = "$(TARGET_NAME)";
			};
			name = Release;
		};
/* End XCBuildConfiguration section */

/* Begin XCConfigurationList section */
		EDBB81841D7BF43F005CBDA7 /* Build configuration list for PBXProject "03-LocalVideo" */ = {
			isa = XCConfigurationList;
			buildConfigurations = (
				EDBB81991D7BF43F005CBDA7 /* Debug */,
				EDBB819A1D7BF43F005CBDA7 /* Release */,
			);
			defaultConfigurationIsVisible = 0;
			defaultConfigurationName = Release;
		};
		EDBB819B1D7BF43F005CBDA7 /* Build configuration list for PBXNativeTarget "03-LocalVideo" */ = {
			isa = XCConfigurationList;
			buildConfigurations = (
				EDBB819C1D7BF43F005CBDA7 /* Debug */,
				EDBB819D1D7BF43F005CBDA7 /* Release */,
			);
			defaultConfigurationIsVisible = 0;
		};
/* End XCConfigurationList section */
	};
	rootObject = EDBB81811D7BF43F005CBDA7 /* Project object */;
}
